PODS:
  - MJRefresh (3.7.2)
  - SnapKit (5.0.1)

DEPENDENCIES:
  - MJRefresh
  - SnapKit

SPEC REPOS:
  trunk:
    - MJRefresh
    - SnapKit

SPEC CHECKSUMS:
  MJRefresh: 30997d30b347c8e9508a4db11e3a690da0c9b85a
  SnapKit: 97b92857e3df3a0c71833cce143274bf6ef8e5eb

PODFILE CHECKSUM: 9cb8a4b7f64badccd247975b93ff6e84ecc52b12

COCOAPODS: 1.11.2
